
Microsoft Visual Studio Solution File, Format Version 12.00
# Visual Studio 15
Project("{FAE04EC0-301F-11D3-BF4B-00C04F79EFBC}") = "Assembly-CSharp-Editor", "Assembly-CSharp-Editor.csproj", "{2C097B72-A056-7A34-2A2F-A1A8FCC811A1}"
EndProject
Project("{FAE04EC0-301F-11D3-BF4B-00C04F79EFBC}") = "Assembly-CSharp-firstpass", "Assembly-CSharp-firstpass.csproj", "{D1661E81-CD54-1162-654D-06269906D3EC}"
EndProject
Project("{FAE04EC0-301F-11D3-BF4B-00C04F79EFBC}") = "Assembly-CSharp", "Assembly-CSharp.csproj", "{25095635-AB65-057E-C1D5-34E9F59318AA}"
EndProject
Global
	GlobalSection(SolutionConfigurationPlatforms) = preSolution
		Debug|Any CPU = Debug|Any CPU
		Release|Any CPU = Release|Any CPU
	EndGlobalSection
	GlobalSection(ProjectConfigurationPlatforms) = postSolution
		{2C097B72-A056-7A34-2A2F-A1A8FCC811A1}.Debug|Any CPU.ActiveCfg = Debug|Any CPU
		{2C097B72-A056-7A34-2A2F-A1A8FCC811A1}.Debug|Any CPU.Build.0 = Debug|Any CPU
		{2C097B72-A056-7A34-2A2F-A1A8FCC811A1}.Release|Any CPU.ActiveCfg = Release|Any CPU
		{2C097B72-A056-7A34-2A2F-A1A8FCC811A1}.Release|Any CPU.Build.0 = Release|Any CPU
		{D1661E81-CD54-1162-654D-06269906D3EC}.Debug|Any CPU.ActiveCfg = Debug|Any CPU
		{D1661E81-CD54-1162-654D-06269906D3EC}.Debug|Any CPU.Build.0 = Debug|Any CPU
		{D1661E81-CD54-1162-654D-06269906D3EC}.Release|Any CPU.ActiveCfg = Release|Any CPU
		{D1661E81-CD54-1162-654D-06269906D3EC}.Release|Any CPU.Build.0 = Release|Any CPU
		{25095635-AB65-057E-C1D5-34E9F59318AA}.Debug|Any CPU.ActiveCfg = Debug|Any CPU
		{25095635-AB65-057E-C1D5-34E9F59318AA}.Debug|Any CPU.Build.0 = Debug|Any CPU
		{25095635-AB65-057E-C1D5-34E9F59318AA}.Release|Any CPU.ActiveCfg = Release|Any CPU
		{25095635-AB65-057E-C1D5-34E9F59318AA}.Release|Any CPU.Build.0 = Release|Any CPU
	EndGlobalSection
	GlobalSection(SolutionProperties) = preSolution
		HideSolutionNode = FALSE
	EndGlobalSection
EndGlobal
